
Microsoft Visual Studio Solution File, Format Version 12.00
# Visual Studio Version 17
VisualStudioVersion = 17.10.35013.160
MinimumVisualStudioVersion = 10.0.40219.1
Project("{9A19103F-16F7-4668-BE54-9A1E7A4F7556}") = "AutoParts_ShopAndForum", "AutoParts_ShopAndForum\AutoParts_ShopAndForum.csproj", "{38DBCF0A-A972-461B-8C1E-4A59C66BA02E}"
EndProject
Project("{9A19103F-16F7-4668-BE54-9A1E7A4F7556}") = "AutoParts_ShopAndForum.Infrastructure", "AutoParts_ShopAndForum.Infrastructure\AutoParts_ShopAndForum.Infrastructure.csproj", "{265C5571-7274-496E-BFAD-4AAAEE3625CA}"
EndProject
Project("{FAE04EC0-301F-11D3-BF4B-00C04F79EFBC}") = "AutoParts_ShopAndForum.Core", "AutoParts_ShopAndForum.Core\AutoParts_ShopAndForum.Core.csproj", "{7D06551F-5729-4EA0-894F-10CB629C3677}"
EndProject
Project("{FAE04EC0-301F-11D3-BF4B-00C04F79EFBC}") = "AutoParts_ShopAndForum.Test", "AutoParts_ShopAndForum.Test\AutoParts_ShopAndForum.Test.csproj", "{3E10D18C-E9AE-A5AF-D0E9-B0C3FF64585E}"
EndProject
Project("{FAE04EC0-301F-11D3-BF4B-00C04F79EFBC}") = "SpeedyCourierOfficesDataGatherer", "SpeedyCourierOfficesDataGatherer\SpeedyCourierOfficesDataGatherer.csproj", "{CCC5C946-1971-40F7-94A5-3DD1F3659A8D}"
EndProject
Global
	GlobalSection(SolutionConfigurationPlatforms) = preSolution
		Debug|Any CPU = Debug|Any CPU
		Release|Any CPU = Release|Any CPU
	EndGlobalSection
	GlobalSection(ProjectConfigurationPlatforms) = postSolution
		{38DBCF0A-A972-461B-8C1E-4A59C66BA02E}.Debug|Any CPU.ActiveCfg = Debug|Any CPU
		{38DBCF0A-A972-461B-8C1E-4A59C66BA02E}.Debug|Any CPU.Build.0 = Debug|Any CPU
		{38DBCF0A-A972-461B-8C1E-4A59C66BA02E}.Release|Any CPU.ActiveCfg = Release|Any CPU
		{38DBCF0A-A972-461B-8C1E-4A59C66BA02E}.Release|Any CPU.Build.0 = Release|Any CPU
		{265C5571-7274-496E-BFAD-4AAAEE3625CA}.Debug|Any CPU.ActiveCfg = Debug|Any CPU
		{265C5571-7274-496E-BFAD-4AAAEE3625CA}.Debug|Any CPU.Build.0 = Debug|Any CPU
		{265C5571-7274-496E-BFAD-4AAAEE3625CA}.Release|Any CPU.ActiveCfg = Release|Any CPU
		{265C5571-7274-496E-BFAD-4AAAEE3625CA}.Release|Any CPU.Build.0 = Release|Any CPU
		{7D06551F-5729-4EA0-894F-10CB629C3677}.Debug|Any CPU.ActiveCfg = Debug|Any CPU
		{7D06551F-5729-4EA0-894F-10CB629C3677}.Debug|Any CPU.Build.0 = Debug|Any CPU
		{7D06551F-5729-4EA0-894F-10CB629C3677}.Release|Any CPU.ActiveCfg = Release|Any CPU
		{7D06551F-5729-4EA0-894F-10CB629C3677}.Release|Any CPU.Build.0 = Release|Any CPU
		{3E10D18C-E9AE-A5AF-D0E9-B0C3FF64585E}.Debug|Any CPU.ActiveCfg = Debug|Any CPU
		{3E10D18C-E9AE-A5AF-D0E9-B0C3FF64585E}.Debug|Any CPU.Build.0 = Debug|Any CPU
		{3E10D18C-E9AE-A5AF-D0E9-B0C3FF64585E}.Release|Any CPU.ActiveCfg = Release|Any CPU
		{3E10D18C-E9AE-A5AF-D0E9-B0C3FF64585E}.Release|Any CPU.Build.0 = Release|Any CPU
		{CCC5C946-1971-40F7-94A5-3DD1F3659A8D}.Debug|Any CPU.ActiveCfg = Debug|Any CPU
		{CCC5C946-1971-40F7-94A5-3DD1F3659A8D}.Debug|Any CPU.Build.0 = Debug|Any CPU
		{CCC5C946-1971-40F7-94A5-3DD1F3659A8D}.Release|Any CPU.ActiveCfg = Release|Any CPU
		{CCC5C946-1971-40F7-94A5-3DD1F3659A8D}.Release|Any CPU.Build.0 = Release|Any CPU
	EndGlobalSection
	GlobalSection(SolutionProperties) = preSolution
		HideSolutionNode = FALSE
	EndGlobalSection
	GlobalSection(ExtensibilityGlobals) = postSolution
		SolutionGuid = {ABC72778-29EA-4D90-ABFA-A38D105454A7}
	EndGlobalSection
EndGlobal
